
Microsoft Visual Studio Solution File, Format Version 12.00
# Visual Studio Version 17
VisualStudioVersion = 17.5.33209.295
MinimumVisualStudioVersion = 10.0.40219.1
Project("{9A19103F-16F7-4668-BE54-9A1E7A4F7556}") = "CarWorkshop.MVC", "CarWorkshop.MVC\CarWorkshop.MVC.csproj", "{43758D7D-9356-4DF2-9D75-BF7DA65CB86A}"
EndProject
Project("{FAE04EC0-301F-11D3-BF4B-00C04F79EFBC}") = "CarWorkshop.Domain", "CarWorkshop.Domain\CarWorkshop.Domain.csproj", "{FBA2F3FF-4E0D-4D35-81E9-B4CB17BEB427}"
EndProject
Project("{FAE04EC0-301F-11D3-BF4B-00C04F79EFBC}") = "CarWorkshop.Application", "CarWorkshop.Application\CarWorkshop.Application.csproj", "{9685C00E-B497-463D-818B-4D52307C9DF9}"
EndProject
Project("{FAE04EC0-301F-11D3-BF4B-00C04F79EFBC}") = "CarWorkshop.Infrastructure", "CarWorkshop.Infrastructure\CarWorkshop.Infrastructure.csproj", "{B9F635D1-0E88-434E-9ECE-AE0675D959F0}"
EndProject
Global
	GlobalSection(SolutionConfigurationPlatforms) = preSolution
		Debug|Any CPU = Debug|Any CPU
		Release|Any CPU = Release|Any CPU
	EndGlobalSection
	GlobalSection(ProjectConfigurationPlatforms) = postSolution
		{43758D7D-9356-4DF2-9D75-BF7DA65CB86A}.Debug|Any CPU.ActiveCfg = Debug|Any CPU
		{43758D7D-9356-4DF2-9D75-BF7DA65CB86A}.Debug|Any CPU.Build.0 = Debug|Any CPU
		{43758D7D-9356-4DF2-9D75-BF7DA65CB86A}.Release|Any CPU.ActiveCfg = Release|Any CPU
		{43758D7D-9356-4DF2-9D75-BF7DA65CB86A}.Release|Any CPU.Build.0 = Release|Any CPU
		{FBA2F3FF-4E0D-4D35-81E9-B4CB17BEB427}.Debug|Any CPU.ActiveCfg = Debug|Any CPU
		{FBA2F3FF-4E0D-4D35-81E9-B4CB17BEB427}.Debug|Any CPU.Build.0 = Debug|Any CPU
		{FBA2F3FF-4E0D-4D35-81E9-B4CB17BEB427}.Release|Any CPU.ActiveCfg = Release|Any CPU
		{FBA2F3FF-4E0D-4D35-81E9-B4CB17BEB427}.Release|Any CPU.Build.0 = Release|Any CPU
		{9685C00E-B497-463D-818B-4D52307C9DF9}.Debug|Any CPU.ActiveCfg = Debug|Any CPU
		{9685C00E-B497-463D-818B-4D52307C9DF9}.Debug|Any CPU.Build.0 = Debug|Any CPU
		{9685C00E-B497-463D-818B-4D52307C9DF9}.Release|Any CPU.ActiveCfg = Release|Any CPU
		{9685C00E-B497-463D-818B-4D52307C9DF9}.Release|Any CPU.Build.0 = Release|Any CPU
		{B9F635D1-0E88-434E-9ECE-AE0675D959F0}.Debug|Any CPU.ActiveCfg = Debug|Any CPU
		{B9F635D1-0E88-434E-9ECE-AE0675D959F0}.Debug|Any CPU.Build.0 = Debug|Any CPU
		{B9F635D1-0E88-434E-9ECE-AE0675D959F0}.Release|Any CPU.ActiveCfg = Release|Any CPU
		{B9F635D1-0E88-434E-9ECE-AE0675D959F0}.Release|Any CPU.Build.0 = Release|Any CPU
	EndGlobalSection
	GlobalSection(SolutionProperties) = preSolution
		HideSolutionNode = FALSE
	EndGlobalSection
	GlobalSection(ExtensibilityGlobals) = postSolution
		SolutionGuid = {393849AD-2694-4FF3-8833-712730AB28B2}
	EndGlobalSection
EndGlobal
